# This file is automatically @generated by Cargo.
# It is not intended for manual editing.
version = 3

[[package]]
name = "cc"
version = "1.0.72"
source = "registry+https://github.com/rust-lang/crates.io-index"
checksum = "22a9137b95ea06864e018375b72adfb7db6e6f68cfc8df5a04d00288050485ee"

[[package]]
name = "client"
version = "0.1.0"

[[package]]
name = "cmake"
version = "0.1.48"
source = "registry+https://github.com/rust-lang/crates.io-index"
checksum = "e8ad8cef104ac57b68b89df3208164d228503abbdce70f6880ffa3d970e7443a"
dependencies = [
 "cc",
]

[[package]]
name = "gcc"
version = "0.3.55"
source = "registry+https://github.com/rust-lang/crates.io-index"
checksum = "8f5f3913fa0bfe7ee1fd8248b6b9f42a5af4b9d65ec2dd2c3c26132b950ecfc2"

[[package]]
name = "libc"
version = "0.2.113"
source = "registry+https://github.com/rust-lang/crates.io-index"
checksum = "eef78b64d87775463c549fbd80e19249ef436ea3bf1de2a1eb7e717ec7fab1e9"

[[package]]
name = "nanomsg"
version = "0.7.2"
source = "registry+https://github.com/rust-lang/crates.io-index"
checksum = "617e0160fba522f8667df7bc79f3b4a74a0e3968d08023ebb3ce717a5f3bd3ac"
dependencies = [
 "libc",
 "nanomsg-sys",
]

[[package]]
name = "nanomsg-sys"
version = "0.7.2"
source = "registry+https://github.com/rust-lang/crates.io-index"
checksum = "78aa3ccb6d007dfecb4f7070725c4b1670a87677babb6621cb0c8cce9cfdc004"
dependencies = [
 "cmake",
 "gcc",
 "libc",
 "pkg-config",
]

[[package]]
name = "pkg-config"
version = "0.3.24"
source = "registry+https://github.com/rust-lang/crates.io-index"
checksum = "58893f751c9b0412871a09abd62ecd2a00298c6c83befa223ef98c52aef40cbe"

[[package]]
name = "server"
version = "0.1.0"
dependencies = [
 "nanomsg",
]
